
Microsoft Visual Studio Solution File, Format Version 12.00
# Visual Studio 15
VisualStudioVersion = 15.0.28307.2092
MinimumVisualStudioVersion = 10.0.40219.1
Project("{FAE04EC0-301F-11D3-BF4B-00C04F79EFBC}") = "SELTEM Kütüphane Otomasyonu,", "SELTEM Kütüphane Otomasyonu,\SELTEM Kütüphane Otomasyonu,.csproj", "{D5285294-4126-4940-B7E3-BD772840CD15}"
EndProject
Global
	GlobalSection(SolutionConfigurationPlatforms) = preSolution
		Debug|Any CPU = Debug|Any CPU
		Release|Any CPU = Release|Any CPU
	EndGlobalSection
	GlobalSection(ProjectConfigurationPlatforms) = postSolution
		{D5285294-4126-4940-B7E3-BD772840CD15}.Debug|Any CPU.ActiveCfg = Debug|Any CPU
		{D5285294-4126-4940-B7E3-BD772840CD15}.Debug|Any CPU.Build.0 = Debug|Any CPU
		{D5285294-4126-4940-B7E3-BD772840CD15}.Release|Any CPU.ActiveCfg = Release|Any CPU
		{D5285294-4126-4940-B7E3-BD772840CD15}.Release|Any CPU.Build.0 = Release|Any CPU
	EndGlobalSection
	GlobalSection(SolutionProperties) = preSolution
		HideSolutionNode = FALSE
	EndGlobalSection
	GlobalSection(ExtensibilityGlobals) = postSolution
		SolutionGuid = {F02190A4-CD59-4A38-A5B9-4B7ED6EDBA38}
	EndGlobalSection
EndGlobal
